<?xml version="1.0" encoding="utf-8"?>
<Project ToolsVersion="4.0" xmlns="http://schemas.microsoft.com/developer/msbuild/2003">
  <ItemGroup>
    <Filter Include="Effective-CPP-3rd-Editiion">
      <UniqueIdentifier>{52819e23-01c0-40fe-a07c-732d843b94cf}</UniqueIdentifier>
    </Filter>
  </ItemGroup>
  <ItemGroup>
    <ClCompile Include="Effective-CPP-3rd-Editiion\Item51.cpp">
      <Filter>Effective-CPP-3rd-Editiion</Filter>
    </ClCompile>
    <ClCompile Include="Effective-CPP-3rd-Editiion\Item52.cpp">
      <Filter>Effective-CPP-3rd-Editiion</Filter>
    </ClCompile>
  </ItemGroup>
</Project>